# THIS IS AN AUTOGENERATED FILE. DO NOT EDIT THIS FILE DIRECTLY.
# yarn lockfile v1


"@sugarcrm/ventana@^1.1.14":
  version "1.1.14"
  resolved "https://registry.yarnpkg.com/@sugarcrm/ventana/-/ventana-1.1.14.tgz#02a2efae6507193be71ae3a367297da17d1d7c77"
  integrity sha512-Juqb0zKubbuFQXe6q48rGs3f3bgLZDpnNsdMRT34ZoJTdFm10bZR6bTHKnkQy0K3OS6tlzTZl1i8UZ40Sni00A==

typescript@^4.6.3:
  version "4.9.3"
  resolved "https://registry.yarnpkg.com/typescript/-/typescript-4.9.3.tgz#3aea307c1746b8c384435d8ac36b8a2e580d85db"
  integrity sha512-CIfGzTelbKNEnLpLdGFgdyKhG23CKdKgQPOBc+OUNrkJ2vr+KSzsSV5kq5iWhEQbok+quxgGzrAtGWCyU7tHnA==
